
Microsoft Visual Studio Solution File, Format Version 12.00
# Visual Studio 14
VisualStudioVersion = 14.0.25420.1
MinimumVisualStudioVersion = 10.0.40219.1
Project("{FAE04EC0-301F-11D3-BF4B-00C04F79EFBC}") = "DateTimeUsage", "DateTimeUsage\DateTimeUsage.csproj", "{7C1F7AA6-387B-41B9-8535-DAF1D4C19112}"
EndProject
Project("{FAE04EC0-301F-11D3-BF4B-00C04F79EFBC}") = "ButtonRaise", "ButtonRaise\ButtonRaise.csproj", "{84945636-3F5E-49B1-8E99-18730536A6BA}"
EndProject
Global
	GlobalSection(SolutionConfigurationPlatforms) = preSolution
		Debug|Any CPU = Debug|Any CPU
		Release|Any CPU = Release|Any CPU
	EndGlobalSection
	GlobalSection(ProjectConfigurationPlatforms) = postSolution
		{7C1F7AA6-387B-41B9-8535-DAF1D4C19112}.Debug|Any CPU.ActiveCfg = Debug|Any CPU
		{7C1F7AA6-387B-41B9-8535-DAF1D4C19112}.Debug|Any CPU.Build.0 = Debug|Any CPU
		{7C1F7AA6-387B-41B9-8535-DAF1D4C19112}.Release|Any CPU.ActiveCfg = Release|Any CPU
		{7C1F7AA6-387B-41B9-8535-DAF1D4C19112}.Release|Any CPU.Build.0 = Release|Any CPU
		{84945636-3F5E-49B1-8E99-18730536A6BA}.Debug|Any CPU.ActiveCfg = Debug|Any CPU
		{84945636-3F5E-49B1-8E99-18730536A6BA}.Debug|Any CPU.Build.0 = Debug|Any CPU
		{84945636-3F5E-49B1-8E99-18730536A6BA}.Release|Any CPU.ActiveCfg = Release|Any CPU
		{84945636-3F5E-49B1-8E99-18730536A6BA}.Release|Any CPU.Build.0 = Release|Any CPU
	EndGlobalSection
	GlobalSection(SolutionProperties) = preSolution
		HideSolutionNode = FALSE
	EndGlobalSection
EndGlobal
